
Microsoft Visual Studio Solution File, Format Version 12.00
# Visual Studio Version 17
VisualStudioVersion = 17.3.32929.385
MinimumVisualStudioVersion = 10.0.40219.1
Project("{FAE04EC0-301F-11D3-BF4B-00C04F79EFBC}") = "12_1", "12_1\12_1.csproj", "{0F8F5762-1F99-4BC6-8B56-235BB258FF6D}"
EndProject
Global
	GlobalSection(SolutionConfigurationPlatforms) = preSolution
		Debug|Any CPU = Debug|Any CPU
		Release|Any CPU = Release|Any CPU
	EndGlobalSection
	GlobalSection(ProjectConfigurationPlatforms) = postSolution
		{0F8F5762-1F99-4BC6-8B56-235BB258FF6D}.Debug|Any CPU.ActiveCfg = Debug|Any CPU
		{0F8F5762-1F99-4BC6-8B56-235BB258FF6D}.Debug|Any CPU.Build.0 = Debug|Any CPU
		{0F8F5762-1F99-4BC6-8B56-235BB258FF6D}.Release|Any CPU.ActiveCfg = Release|Any CPU
		{0F8F5762-1F99-4BC6-8B56-235BB258FF6D}.Release|Any CPU.Build.0 = Release|Any CPU
	EndGlobalSection
	GlobalSection(SolutionProperties) = preSolution
		HideSolutionNode = FALSE
	EndGlobalSection
	GlobalSection(ExtensibilityGlobals) = postSolution
		SolutionGuid = {48F1E458-CB40-4141-822B-1E8F4661785B}
	EndGlobalSection
EndGlobal
